
Microsoft Visual Studio Solution File, Format Version 12.00
# Visual Studio Version 17
VisualStudioVersion = 17.5.33424.131
MinimumVisualStudioVersion = 10.0.40219.1
Project("{9A19103F-16F7-4668-BE54-9A1E7A4F7556}") = "Northwind.Common.EntityModels.Sqlite", "Northwind.Common.EntityModels.Sqlite\Northwind.Common.EntityModels.Sqlite.csproj", "{F94054E1-64E7-409B-AF61-F30C08B715D5}"
EndProject
Project("{9A19103F-16F7-4668-BE54-9A1E7A4F7556}") = "Northwind.Common.DataContext.Sqlite", "Northwind.Common.DataContext.Sqlite\Northwind.Common.DataContext.Sqlite.csproj", "{4B81D024-4744-40DC-845F-0DCCBFD94EFC}"
EndProject
Project("{9A19103F-16F7-4668-BE54-9A1E7A4F7556}") = "Northwind.Web", "Northwind.Web\Northwind.Web.csproj", "{18E681DC-8C77-4456-B024-6C704308C8A6}"
EndProject
Project("{9A19103F-16F7-4668-BE54-9A1E7A4F7556}") = "Northwind.Razor.Employees", "Northwind.Razor.Employees\Northwind.Razor.Employees.csproj", "{A7A051A3-2DBB-4AB9-AAFB-A2552A8EFD22}"
EndProject
Global
	GlobalSection(SolutionConfigurationPlatforms) = preSolution
		Debug|Any CPU = Debug|Any CPU
		Release|Any CPU = Release|Any CPU
	EndGlobalSection
	GlobalSection(ProjectConfigurationPlatforms) = postSolution
		{F94054E1-64E7-409B-AF61-F30C08B715D5}.Debug|Any CPU.ActiveCfg = Debug|Any CPU
		{F94054E1-64E7-409B-AF61-F30C08B715D5}.Debug|Any CPU.Build.0 = Debug|Any CPU
		{F94054E1-64E7-409B-AF61-F30C08B715D5}.Release|Any CPU.ActiveCfg = Release|Any CPU
		{F94054E1-64E7-409B-AF61-F30C08B715D5}.Release|Any CPU.Build.0 = Release|Any CPU
		{4B81D024-4744-40DC-845F-0DCCBFD94EFC}.Debug|Any CPU.ActiveCfg = Debug|Any CPU
		{4B81D024-4744-40DC-845F-0DCCBFD94EFC}.Debug|Any CPU.Build.0 = Debug|Any CPU
		{4B81D024-4744-40DC-845F-0DCCBFD94EFC}.Release|Any CPU.ActiveCfg = Release|Any CPU
		{4B81D024-4744-40DC-845F-0DCCBFD94EFC}.Release|Any CPU.Build.0 = Release|Any CPU
		{18E681DC-8C77-4456-B024-6C704308C8A6}.Debug|Any CPU.ActiveCfg = Debug|Any CPU
		{18E681DC-8C77-4456-B024-6C704308C8A6}.Debug|Any CPU.Build.0 = Debug|Any CPU
		{18E681DC-8C77-4456-B024-6C704308C8A6}.Release|Any CPU.ActiveCfg = Release|Any CPU
		{18E681DC-8C77-4456-B024-6C704308C8A6}.Release|Any CPU.Build.0 = Release|Any CPU
		{A7A051A3-2DBB-4AB9-AAFB-A2552A8EFD22}.Debug|Any CPU.ActiveCfg = Debug|Any CPU
		{A7A051A3-2DBB-4AB9-AAFB-A2552A8EFD22}.Debug|Any CPU.Build.0 = Debug|Any CPU
		{A7A051A3-2DBB-4AB9-AAFB-A2552A8EFD22}.Release|Any CPU.ActiveCfg = Release|Any CPU
		{A7A051A3-2DBB-4AB9-AAFB-A2552A8EFD22}.Release|Any CPU.Build.0 = Release|Any CPU
	EndGlobalSection
	GlobalSection(SolutionProperties) = preSolution
		HideSolutionNode = FALSE
	EndGlobalSection
	GlobalSection(ExtensibilityGlobals) = postSolution
		SolutionGuid = {7DC63A13-173E-495A-8204-D92F54868520}
	EndGlobalSection
EndGlobal
